
Microsoft Visual Studio Solution File, Format Version 12.00
# Visual Studio Version 16
VisualStudioVersion = 16.0.31025.194
MinimumVisualStudioVersion = 10.0.40219.1
Project("{9A19103F-16F7-4668-BE54-9A1E7A4F7556}") = "TestNuget", "TestNugetLibrary\TestNuget.csproj", "{77E3909E-5C6C-42F2-8981-6AFB05469016}"
EndProject
Project("{FAE04EC0-301F-11D3-BF4B-00C04F79EFBC}") = "TestNugetTests", "TestNugetTests\TestNugetTests.csproj", "{B7CA3BE1-201C-47BE-A28B-77EE82B8150F}"
EndProject
Global
	GlobalSection(SolutionConfigurationPlatforms) = preSolution
		Debug|Any CPU = Debug|Any CPU
		Release|Any CPU = Release|Any CPU
	EndGlobalSection
	GlobalSection(ProjectConfigurationPlatforms) = postSolution
		{77E3909E-5C6C-42F2-8981-6AFB05469016}.Debug|Any CPU.ActiveCfg = Debug|Any CPU
		{77E3909E-5C6C-42F2-8981-6AFB05469016}.Debug|Any CPU.Build.0 = Debug|Any CPU
		{77E3909E-5C6C-42F2-8981-6AFB05469016}.Release|Any CPU.ActiveCfg = Release|Any CPU
		{77E3909E-5C6C-42F2-8981-6AFB05469016}.Release|Any CPU.Build.0 = Release|Any CPU
		{B7CA3BE1-201C-47BE-A28B-77EE82B8150F}.Debug|Any CPU.ActiveCfg = Debug|Any CPU
		{B7CA3BE1-201C-47BE-A28B-77EE82B8150F}.Debug|Any CPU.Build.0 = Debug|Any CPU
		{B7CA3BE1-201C-47BE-A28B-77EE82B8150F}.Release|Any CPU.ActiveCfg = Release|Any CPU
		{B7CA3BE1-201C-47BE-A28B-77EE82B8150F}.Release|Any CPU.Build.0 = Release|Any CPU
	EndGlobalSection
	GlobalSection(SolutionProperties) = preSolution
		HideSolutionNode = FALSE
	EndGlobalSection
	GlobalSection(ExtensibilityGlobals) = postSolution
		SolutionGuid = {5C13DDFC-AC7B-4357-97E9-8AF88BE61231}
	EndGlobalSection
EndGlobal
